
Microsoft Visual Studio Solution File, Format Version 12.00
# Visual Studio Version 17
VisualStudioVersion = 17.0.31919.166
MinimumVisualStudioVersion = 10.0.40219.1
Project("{FAE04EC0-301F-11D3-BF4B-00C04F79EFBC}") = "YouTubeDataApiIssue", "YouTubeDataApiIssue\YouTubeDataApiIssue.csproj", "{0336070A-302B-42E1-8B30-3994AECEC8B0}"
EndProject
Global
	GlobalSection(SolutionConfigurationPlatforms) = preSolution
		Debug|Any CPU = Debug|Any CPU
		Release|Any CPU = Release|Any CPU
	EndGlobalSection
	GlobalSection(ProjectConfigurationPlatforms) = postSolution
		{0336070A-302B-42E1-8B30-3994AECEC8B0}.Debug|Any CPU.ActiveCfg = Debug|Any CPU
		{0336070A-302B-42E1-8B30-3994AECEC8B0}.Debug|Any CPU.Build.0 = Debug|Any CPU
		{0336070A-302B-42E1-8B30-3994AECEC8B0}.Release|Any CPU.ActiveCfg = Release|Any CPU
		{0336070A-302B-42E1-8B30-3994AECEC8B0}.Release|Any CPU.Build.0 = Release|Any CPU
	EndGlobalSection
	GlobalSection(SolutionProperties) = preSolution
		HideSolutionNode = FALSE
	EndGlobalSection
	GlobalSection(ExtensibilityGlobals) = postSolution
		SolutionGuid = {5BF36B4D-C9EF-4409-8291-F9717751BDA7}
	EndGlobalSection
EndGlobal
